
Microsoft Visual Studio Solution File, Format Version 12.00
# Visual Studio Version 17
VisualStudioVersion = 17.0.32014.148
MinimumVisualStudioVersion = 10.0.40219.1
Project("{FAE04EC0-301F-11D3-BF4B-00C04F79EFBC}") = "Practical Work", "Practical Work\Practical Work.csproj", "{57C5C099-5A53-4D9F-AF82-60335689E8DA}"
EndProject
Global
	GlobalSection(SolutionConfigurationPlatforms) = preSolution
		Debug|Any CPU = Debug|Any CPU
		Release|Any CPU = Release|Any CPU
	EndGlobalSection
	GlobalSection(ProjectConfigurationPlatforms) = postSolution
		{57C5C099-5A53-4D9F-AF82-60335689E8DA}.Debug|Any CPU.ActiveCfg = Debug|Any CPU
		{57C5C099-5A53-4D9F-AF82-60335689E8DA}.Debug|Any CPU.Build.0 = Debug|Any CPU
		{57C5C099-5A53-4D9F-AF82-60335689E8DA}.Release|Any CPU.ActiveCfg = Release|Any CPU
		{57C5C099-5A53-4D9F-AF82-60335689E8DA}.Release|Any CPU.Build.0 = Release|Any CPU
	EndGlobalSection
	GlobalSection(SolutionProperties) = preSolution
		HideSolutionNode = FALSE
	EndGlobalSection
	GlobalSection(ExtensibilityGlobals) = postSolution
		SolutionGuid = {A6CD5681-D548-45F3-B155-E6896BCB150A}
	EndGlobalSection
EndGlobal
